
Microsoft Visual Studio Solution File, Format Version 12.00
# Visual Studio Version 16
VisualStudioVersion = 16.0.30517.126
MinimumVisualStudioVersion = 10.0.40219.1
Project("{8BC9CEB8-8B4A-11D0-8D11-00A0C91BC942}") = "Task1", "Task1\Task1.vcxproj", "{AA203339-09E4-4119-9B9F-32E4CA87F296}"
EndProject
Project("{8BC9CEB8-8B4A-11D0-8D11-00A0C91BC942}") = "Task2", "Task2\Task2.vcxproj", "{62B59A6E-2218-49EA-946C-4AACF70F84F1}"
EndProject
Project("{8BC9CEB8-8B4A-11D0-8D11-00A0C91BC942}") = "Task3", "Task3\Task3.vcxproj", "{8FF62DC3-EF87-4FE3-9386-1663569FF449}"
EndProject
Project("{8BC9CEB8-8B4A-11D0-8D11-00A0C91BC942}") = "Task4", "Task4\Task4.vcxproj", "{15ECAC44-3994-4F7D-9984-0BB078A2CC0E}"
EndProject
Project("{8BC9CEB8-8B4A-11D0-8D11-00A0C91BC942}") = "Task5", "Task5\Task5.vcxproj", "{130B3919-4553-4109-8133-D8FB56F70330}"
EndProject
Project("{8BC9CEB8-8B4A-11D0-8D11-00A0C91BC942}") = "Task6", "Task6\Task6.vcxproj", "{9EE441FB-8394-4AD0-8789-B29366476B94}"
EndProject
Project("{8BC9CEB8-8B4A-11D0-8D11-00A0C91BC942}") = "Task7", "Task7\Task7.vcxproj", "{CE0847B8-A2CF-4C3B-BA20-CAAEED7C040F}"
EndProject
Project("{8BC9CEB8-8B4A-11D0-8D11-00A0C91BC942}") = "Task8", "Task8\Task8.vcxproj", "{00314B4A-0EA1-4AC1-A882-FAC1770D6604}"
EndProject
Project("{8BC9CEB8-8B4A-11D0-8D11-00A0C91BC942}") = "Task9", "Task9\Task9.vcxproj", "{9D0A6C15-4FEC-4D8A-A2FA-2A4E72C720BF}"
EndProject
Global
	GlobalSection(SolutionConfigurationPlatforms) = preSolution
		Debug|x64 = Debug|x64
		Debug|x86 = Debug|x86
		Release|x64 = Release|x64
		Release|x86 = Release|x86
	EndGlobalSection
	GlobalSection(ProjectConfigurationPlatforms) = postSolution
		{AA203339-09E4-4119-9B9F-32E4CA87F296}.Debug|x64.ActiveCfg = Debug|x64
		{AA203339-09E4-4119-9B9F-32E4CA87F296}.Debug|x64.Build.0 = Debug|x64
		{AA203339-09E4-4119-9B9F-32E4CA87F296}.Debug|x86.ActiveCfg = Debug|Win32
		{AA203339-09E4-4119-9B9F-32E4CA87F296}.Debug|x86.Build.0 = Debug|Win32
		{AA203339-09E4-4119-9B9F-32E4CA87F296}.Release|x64.ActiveCfg = Release|x64
		{AA203339-09E4-4119-9B9F-32E4CA87F296}.Release|x64.Build.0 = Release|x64
		{AA203339-09E4-4119-9B9F-32E4CA87F296}.Release|x86.ActiveCfg = Release|Win32
		{AA203339-09E4-4119-9B9F-32E4CA87F296}.Release|x86.Build.0 = Release|Win32
		{62B59A6E-2218-49EA-946C-4AACF70F84F1}.Debug|x64.ActiveCfg = Debug|x64
		{62B59A6E-2218-49EA-946C-4AACF70F84F1}.Debug|x64.Build.0 = Debug|x64
		{62B59A6E-2218-49EA-946C-4AACF70F84F1}.Debug|x86.ActiveCfg = Debug|Win32
		{62B59A6E-2218-49EA-946C-4AACF70F84F1}.Debug|x86.Build.0 = Debug|Win32
		{62B59A6E-2218-49EA-946C-4AACF70F84F1}.Release|x64.ActiveCfg = Release|x64
		{62B59A6E-2218-49EA-946C-4AACF70F84F1}.Release|x64.Build.0 = Release|x64
		{62B59A6E-2218-49EA-946C-4AACF70F84F1}.Release|x86.ActiveCfg = Release|Win32
		{62B59A6E-2218-49EA-946C-4AACF70F84F1}.Release|x86.Build.0 = Release|Win32
		{8FF62DC3-EF87-4FE3-9386-1663569FF449}.Debug|x64.ActiveCfg = Debug|x64
		{8FF62DC3-EF87-4FE3-9386-1663569FF449}.Debug|x64.Build.0 = Debug|x64
		{8FF62DC3-EF87-4FE3-9386-1663569FF449}.Debug|x86.ActiveCfg = Debug|Win32
		{8FF62DC3-EF87-4FE3-9386-1663569FF449}.Debug|x86.Build.0 = Debug|Win32
		{8FF62DC3-EF87-4FE3-9386-1663569FF449}.Release|x64.ActiveCfg = Release|x64
		{8FF62DC3-EF87-4FE3-9386-1663569FF449}.Release|x64.Build.0 = Release|x64
		{8FF62DC3-EF87-4FE3-9386-1663569FF449}.Release|x86.ActiveCfg = Release|Win32
		{8FF62DC3-EF87-4FE3-9386-1663569FF449}.Release|x86.Build.0 = Release|Win32
		{15ECAC44-3994-4F7D-9984-0BB078A2CC0E}.Debug|x64.ActiveCfg = Debug|x64
		{15ECAC44-3994-4F7D-9984-0BB078A2CC0E}.Debug|x64.Build.0 = Debug|x64
		{15ECAC44-3994-4F7D-9984-0BB078A2CC0E}.Debug|x86.ActiveCfg = Debug|Win32
		{15ECAC44-3994-4F7D-9984-0BB078A2CC0E}.Debug|x86.Build.0 = Debug|Win32
		{15ECAC44-3994-4F7D-9984-0BB078A2CC0E}.Release|x64.ActiveCfg = Release|x64
		{15ECAC44-3994-4F7D-9984-0BB078A2CC0E}.Release|x64.Build.0 = Release|x64
		{15ECAC44-3994-4F7D-9984-0BB078A2CC0E}.Release|x86.ActiveCfg = Release|Win32
		{15ECAC44-3994-4F7D-9984-0BB078A2CC0E}.Release|x86.Build.0 = Release|Win32
		{130B3919-4553-4109-8133-D8FB56F70330}.Debug|x64.ActiveCfg = Debug|x64
		{130B3919-4553-4109-8133-D8FB56F70330}.Debug|x64.Build.0 = Debug|x64
		{130B3919-4553-4109-8133-D8FB56F70330}.Debug|x86.ActiveCfg = Debug|Win32
		{130B3919-4553-4109-8133-D8FB56F70330}.Debug|x86.Build.0 = Debug|Win32
		{130B3919-4553-4109-8133-D8FB56F70330}.Release|x64.ActiveCfg = Release|x64
		{130B3919-4553-4109-8133-D8FB56F70330}.Release|x64.Build.0 = Release|x64
		{130B3919-4553-4109-8133-D8FB56F70330}.Release|x86.ActiveCfg = Release|Win32
		{130B3919-4553-4109-8133-D8FB56F70330}.Release|x86.Build.0 = Release|Win32
		{9EE441FB-8394-4AD0-8789-B29366476B94}.Debug|x64.ActiveCfg = Debug|x64
		{9EE441FB-8394-4AD0-8789-B29366476B94}.Debug|x64.Build.0 = Debug|x64
		{9EE441FB-8394-4AD0-8789-B29366476B94}.Debug|x86.ActiveCfg = Debug|Win32
		{9EE441FB-8394-4AD0-8789-B29366476B94}.Debug|x86.Build.0 = Debug|Win32
		{9EE441FB-8394-4AD0-8789-B29366476B94}.Release|x64.ActiveCfg = Release|x64
		{9EE441FB-8394-4AD0-8789-B29366476B94}.Release|x64.Build.0 = Release|x64
		{9EE441FB-8394-4AD0-8789-B29366476B94}.Release|x86.ActiveCfg = Release|Win32
		{9EE441FB-8394-4AD0-8789-B29366476B94}.Release|x86.Build.0 = Release|Win32
		{CE0847B8-A2CF-4C3B-BA20-CAAEED7C040F}.Debug|x64.ActiveCfg = Debug|x64
		{CE0847B8-A2CF-4C3B-BA20-CAAEED7C040F}.Debug|x64.Build.0 = Debug|x64
		{CE0847B8-A2CF-4C3B-BA20-CAAEED7C040F}.Debug|x86.ActiveCfg = Debug|Win32
		{CE0847B8-A2CF-4C3B-BA20-CAAEED7C040F}.Debug|x86.Build.0 = Debug|Win32
		{CE0847B8-A2CF-4C3B-BA20-CAAEED7C040F}.Release|x64.ActiveCfg = Release|x64
		{CE0847B8-A2CF-4C3B-BA20-CAAEED7C040F}.Release|x64.Build.0 = Release|x64
		{CE0847B8-A2CF-4C3B-BA20-CAAEED7C040F}.Release|x86.ActiveCfg = Release|Win32
		{CE0847B8-A2CF-4C3B-BA20-CAAEED7C040F}.Release|x86.Build.0 = Release|Win32
		{00314B4A-0EA1-4AC1-A882-FAC1770D6604}.Debug|x64.ActiveCfg = Debug|x64
		{00314B4A-0EA1-4AC1-A882-FAC1770D6604}.Debug|x64.Build.0 = Debug|x64
		{00314B4A-0EA1-4AC1-A882-FAC1770D6604}.Debug|x86.ActiveCfg = Debug|Win32
		{00314B4A-0EA1-4AC1-A882-FAC1770D6604}.Debug|x86.Build.0 = Debug|Win32
		{00314B4A-0EA1-4AC1-A882-FAC1770D6604}.Release|x64.ActiveCfg = Release|x64
		{00314B4A-0EA1-4AC1-A882-FAC1770D6604}.Release|x64.Build.0 = Release|x64
		{00314B4A-0EA1-4AC1-A882-FAC1770D6604}.Release|x86.ActiveCfg = Release|Win32
		{00314B4A-0EA1-4AC1-A882-FAC1770D6604}.Release|x86.Build.0 = Release|Win32
		{9D0A6C15-4FEC-4D8A-A2FA-2A4E72C720BF}.Debug|x64.ActiveCfg = Debug|x64
		{9D0A6C15-4FEC-4D8A-A2FA-2A4E72C720BF}.Debug|x64.Build.0 = Debug|x64
		{9D0A6C15-4FEC-4D8A-A2FA-2A4E72C720BF}.Debug|x86.ActiveCfg = Debug|Win32
		{9D0A6C15-4FEC-4D8A-A2FA-2A4E72C720BF}.Debug|x86.Build.0 = Debug|Win32
		{9D0A6C15-4FEC-4D8A-A2FA-2A4E72C720BF}.Release|x64.ActiveCfg = Release|x64
		{9D0A6C15-4FEC-4D8A-A2FA-2A4E72C720BF}.Release|x64.Build.0 = Release|x64
		{9D0A6C15-4FEC-4D8A-A2FA-2A4E72C720BF}.Release|x86.ActiveCfg = Release|Win32
		{9D0A6C15-4FEC-4D8A-A2FA-2A4E72C720BF}.Release|x86.Build.0 = Release|Win32
	EndGlobalSection
	GlobalSection(SolutionProperties) = preSolution
		HideSolutionNode = FALSE
	EndGlobalSection
	GlobalSection(ExtensibilityGlobals) = postSolution
		SolutionGuid = {9A585BAE-05CD-42C8-B6F9-323B0B0FB47B}
	EndGlobalSection
EndGlobal
